
Microsoft Visual Studio Solution File, Format Version 12.00
# Visual Studio Version 17
VisualStudioVersion = 17.4.33213.308
MinimumVisualStudioVersion = 10.0.40219.1
Project("{FAE04EC0-301F-11D3-BF4B-00C04F79EFBC}") = "MoviesApi", "MoviesApi\MoviesApi.csproj", "{4173ABF6-FBBE-4EEF-9C38-651CDCBC6BAE}"
EndProject
Global
	GlobalSection(SolutionConfigurationPlatforms) = preSolution
		Debug|Any CPU = Debug|Any CPU
		Release|Any CPU = Release|Any CPU
	EndGlobalSection
	GlobalSection(ProjectConfigurationPlatforms) = postSolution
		{4173ABF6-FBBE-4EEF-9C38-651CDCBC6BAE}.Debug|Any CPU.ActiveCfg = Debug|Any CPU
		{4173ABF6-FBBE-4EEF-9C38-651CDCBC6BAE}.Debug|Any CPU.Build.0 = Debug|Any CPU
		{4173ABF6-FBBE-4EEF-9C38-651CDCBC6BAE}.Release|Any CPU.ActiveCfg = Release|Any CPU
		{4173ABF6-FBBE-4EEF-9C38-651CDCBC6BAE}.Release|Any CPU.Build.0 = Release|Any CPU
	EndGlobalSection
	GlobalSection(SolutionProperties) = preSolution
		HideSolutionNode = FALSE
	EndGlobalSection
	GlobalSection(ExtensibilityGlobals) = postSolution
		SolutionGuid = {765D0033-AE2E-4DEC-A1D8-D27833D7CF1E}
	EndGlobalSection
EndGlobal
